
Microsoft Visual Studio Solution File, Format Version 12.00
# Visual Studio Version 17
VisualStudioVersion = 17.13.35828.75 d17.13
MinimumVisualStudioVersion = 10.0.40219.1
Project("{FAE04EC0-301F-11D3-BF4B-00C04F79EFBC}") = "FIAPCloudGames", "FIAPCloudGames\FIAPCloudGames.csproj", "{7BAAD8B8-1B6A-45C5-BB15-A9D0D9725880}"
EndProject
Project("{FAE04EC0-301F-11D3-BF4B-00C04F79EFBC}") = "Core", "Core\Core.csproj", "{BD4EFFC4-7BDA-437D-9261-8B07DDB33B75}"
EndProject
Project("{FAE04EC0-301F-11D3-BF4B-00C04F79EFBC}") = "Infrastructure", "Infrastructure\Infrastructure.csproj", "{C01CCA8C-95AD-472D-9012-040DF15AF188}"
EndProject
Global
	GlobalSection(SolutionConfigurationPlatforms) = preSolution
		Debug|Any CPU = Debug|Any CPU
		Release|Any CPU = Release|Any CPU
	EndGlobalSection
	GlobalSection(ProjectConfigurationPlatforms) = postSolution
		{7BAAD8B8-1B6A-45C5-BB15-A9D0D9725880}.Debug|Any CPU.ActiveCfg = Debug|Any CPU
		{7BAAD8B8-1B6A-45C5-BB15-A9D0D9725880}.Debug|Any CPU.Build.0 = Debug|Any CPU
		{7BAAD8B8-1B6A-45C5-BB15-A9D0D9725880}.Release|Any CPU.ActiveCfg = Release|Any CPU
		{7BAAD8B8-1B6A-45C5-BB15-A9D0D9725880}.Release|Any CPU.Build.0 = Release|Any CPU
		{BD4EFFC4-7BDA-437D-9261-8B07DDB33B75}.Debug|Any CPU.ActiveCfg = Debug|Any CPU
		{BD4EFFC4-7BDA-437D-9261-8B07DDB33B75}.Debug|Any CPU.Build.0 = Debug|Any CPU
		{BD4EFFC4-7BDA-437D-9261-8B07DDB33B75}.Release|Any CPU.ActiveCfg = Release|Any CPU
		{BD4EFFC4-7BDA-437D-9261-8B07DDB33B75}.Release|Any CPU.Build.0 = Release|Any CPU
		{C01CCA8C-95AD-472D-9012-040DF15AF188}.Debug|Any CPU.ActiveCfg = Debug|Any CPU
		{C01CCA8C-95AD-472D-9012-040DF15AF188}.Debug|Any CPU.Build.0 = Debug|Any CPU
		{C01CCA8C-95AD-472D-9012-040DF15AF188}.Release|Any CPU.ActiveCfg = Release|Any CPU
		{C01CCA8C-95AD-472D-9012-040DF15AF188}.Release|Any CPU.Build.0 = Release|Any CPU
	EndGlobalSection
	GlobalSection(SolutionProperties) = preSolution
		HideSolutionNode = FALSE
	EndGlobalSection
	GlobalSection(ExtensibilityGlobals) = postSolution
		SolutionGuid = {7674A770-5590-4B39-91FC-48B1CA966A64}
	EndGlobalSection
EndGlobal
